
Microsoft Visual Studio Solution File, Format Version 12.00
# Visual Studio Version 17
VisualStudioVersion = 17.12.35527.113 d17.12
MinimumVisualStudioVersion = 10.0.40219.1
Project("{FAE04EC0-301F-11D3-BF4B-00C04F79EFBC}") = "Final Software Project Wise Words", "Final Software Project Wise Words\Final Software Project Wise Words.csproj", "{2033858C-F887-4196-BADD-C7D29C7B5A57}"
EndProject
Global
	GlobalSection(SolutionConfigurationPlatforms) = preSolution
		Debug|Any CPU = Debug|Any CPU
		Release|Any CPU = Release|Any CPU
	EndGlobalSection
	GlobalSection(ProjectConfigurationPlatforms) = postSolution
		{2033858C-F887-4196-BADD-C7D29C7B5A57}.Debug|Any CPU.ActiveCfg = Debug|Any CPU
		{2033858C-F887-4196-BADD-C7D29C7B5A57}.Debug|Any CPU.Build.0 = Debug|Any CPU
		{2033858C-F887-4196-BADD-C7D29C7B5A57}.Release|Any CPU.ActiveCfg = Release|Any CPU
		{2033858C-F887-4196-BADD-C7D29C7B5A57}.Release|Any CPU.Build.0 = Release|Any CPU
	EndGlobalSection
	GlobalSection(SolutionProperties) = preSolution
		HideSolutionNode = FALSE
	EndGlobalSection
EndGlobal
